
Microsoft Visual Studio Solution File, Format Version 12.00
# Visual Studio Version 17
VisualStudioVersion = 17.3.32811.315
MinimumVisualStudioVersion = 10.0.40219.1
Project("{FAE04EC0-301F-11D3-BF4B-00C04F79EFBC}") = "Dominio", "TrabalhoA2\Dominio.csproj", "{BB1A82B2-53E6-4FC7-BC4B-28ED14C057B8}"
EndProject
Project("{FAE04EC0-301F-11D3-BF4B-00C04F79EFBC}") = "FakeDB", "FakeDB\FakeDB.csproj", "{09C4CA6C-E9FB-486C-A55B-94039AF55D11}"
EndProject
Project("{FAE04EC0-301F-11D3-BF4B-00C04F79EFBC}") = "Repositorio", "Repositorio\Repositorio.csproj", "{4916748F-0A6C-47D3-A63F-90559E2AFEBE}"
EndProject
Project("{FAE04EC0-301F-11D3-BF4B-00C04F79EFBC}") = "Servico", "Servico\Servico.csproj", "{6959EE36-881E-492A-9B73-64FCA1D24A45}"
EndProject
Project("{FAE04EC0-301F-11D3-BF4B-00C04F79EFBC}") = "Aplicacao", "Aplicacao\Aplicacao.csproj", "{8C6C5D2C-6F1A-420B-9B14-FFE5C819C27E}"
EndProject
Global
	GlobalSection(SolutionConfigurationPlatforms) = preSolution
		Debug|Any CPU = Debug|Any CPU
		Release|Any CPU = Release|Any CPU
	EndGlobalSection
	GlobalSection(ProjectConfigurationPlatforms) = postSolution
		{BB1A82B2-53E6-4FC7-BC4B-28ED14C057B8}.Debug|Any CPU.ActiveCfg = Debug|Any CPU
		{BB1A82B2-53E6-4FC7-BC4B-28ED14C057B8}.Debug|Any CPU.Build.0 = Debug|Any CPU
		{BB1A82B2-53E6-4FC7-BC4B-28ED14C057B8}.Release|Any CPU.ActiveCfg = Release|Any CPU
		{BB1A82B2-53E6-4FC7-BC4B-28ED14C057B8}.Release|Any CPU.Build.0 = Release|Any CPU
		{09C4CA6C-E9FB-486C-A55B-94039AF55D11}.Debug|Any CPU.ActiveCfg = Debug|Any CPU
		{09C4CA6C-E9FB-486C-A55B-94039AF55D11}.Debug|Any CPU.Build.0 = Debug|Any CPU
		{09C4CA6C-E9FB-486C-A55B-94039AF55D11}.Release|Any CPU.ActiveCfg = Release|Any CPU
		{09C4CA6C-E9FB-486C-A55B-94039AF55D11}.Release|Any CPU.Build.0 = Release|Any CPU
		{4916748F-0A6C-47D3-A63F-90559E2AFEBE}.Debug|Any CPU.ActiveCfg = Debug|Any CPU
		{4916748F-0A6C-47D3-A63F-90559E2AFEBE}.Debug|Any CPU.Build.0 = Debug|Any CPU
		{4916748F-0A6C-47D3-A63F-90559E2AFEBE}.Release|Any CPU.ActiveCfg = Release|Any CPU
		{4916748F-0A6C-47D3-A63F-90559E2AFEBE}.Release|Any CPU.Build.0 = Release|Any CPU
		{6959EE36-881E-492A-9B73-64FCA1D24A45}.Debug|Any CPU.ActiveCfg = Debug|Any CPU
		{6959EE36-881E-492A-9B73-64FCA1D24A45}.Debug|Any CPU.Build.0 = Debug|Any CPU
		{6959EE36-881E-492A-9B73-64FCA1D24A45}.Release|Any CPU.ActiveCfg = Release|Any CPU
		{6959EE36-881E-492A-9B73-64FCA1D24A45}.Release|Any CPU.Build.0 = Release|Any CPU
		{8C6C5D2C-6F1A-420B-9B14-FFE5C819C27E}.Debug|Any CPU.ActiveCfg = Debug|Any CPU
		{8C6C5D2C-6F1A-420B-9B14-FFE5C819C27E}.Debug|Any CPU.Build.0 = Debug|Any CPU
		{8C6C5D2C-6F1A-420B-9B14-FFE5C819C27E}.Release|Any CPU.ActiveCfg = Release|Any CPU
		{8C6C5D2C-6F1A-420B-9B14-FFE5C819C27E}.Release|Any CPU.Build.0 = Release|Any CPU
	EndGlobalSection
	GlobalSection(SolutionProperties) = preSolution
		HideSolutionNode = FALSE
	EndGlobalSection
	GlobalSection(ExtensibilityGlobals) = postSolution
		SolutionGuid = {3767C39B-DCBC-473E-8A33-9C6D0F3FBC2B}
	EndGlobalSection
EndGlobal
